
Microsoft Visual Studio Solution File, Format Version 12.00
# Visual Studio Version 17
VisualStudioVersion = 17.14.36414.22 d17.14
MinimumVisualStudioVersion = 10.0.40219.1
Project("{FAE04EC0-301F-11D3-BF4B-00C04F79EFBC}") = "9-TERRENOFORMS", "9-TERRENOFORMS\9-TERRENOFORMS.csproj", "{56F6DB57-6623-4495-9F9C-E5912696DEE3}"
EndProject
Global
	GlobalSection(SolutionConfigurationPlatforms) = preSolution
		Debug|Any CPU = Debug|Any CPU
		Release|Any CPU = Release|Any CPU
	EndGlobalSection
	GlobalSection(ProjectConfigurationPlatforms) = postSolution
		{56F6DB57-6623-4495-9F9C-E5912696DEE3}.Debug|Any CPU.ActiveCfg = Debug|Any CPU
		{56F6DB57-6623-4495-9F9C-E5912696DEE3}.Debug|Any CPU.Build.0 = Debug|Any CPU
		{56F6DB57-6623-4495-9F9C-E5912696DEE3}.Release|Any CPU.ActiveCfg = Release|Any CPU
		{56F6DB57-6623-4495-9F9C-E5912696DEE3}.Release|Any CPU.Build.0 = Release|Any CPU
	EndGlobalSection
	GlobalSection(SolutionProperties) = preSolution
		HideSolutionNode = FALSE
	EndGlobalSection
	GlobalSection(ExtensibilityGlobals) = postSolution
		SolutionGuid = {50F788C9-4543-41F3-9E28-E7492E2852B2}
	EndGlobalSection
EndGlobal
